
Microsoft Visual Studio Solution File, Format Version 12.00
# Visual Studio Version 17
VisualStudioVersion = 17.8.34322.80
MinimumVisualStudioVersion = 10.0.40219.1
Project("{FAE04EC0-301F-11D3-BF4B-00C04F79EFBC}") = "WebApi", "WebApi\WebApi.csproj", "{BE2ED172-0DD9-4D5A-9550-7814EAEF2DEC}"
EndProject
Project("{FAE04EC0-301F-11D3-BF4B-00C04F79EFBC}") = "Infrastructure", "Infrastructure\Infrastructure.csproj", "{70E351DF-A0CC-436B-B88A-01E613C555DC}"
EndProject
Global
	GlobalSection(SolutionConfigurationPlatforms) = preSolution
		Debug|Any CPU = Debug|Any CPU
		Release|Any CPU = Release|Any CPU
	EndGlobalSection
	GlobalSection(ProjectConfigurationPlatforms) = postSolution
		{BE2ED172-0DD9-4D5A-9550-7814EAEF2DEC}.Debug|Any CPU.ActiveCfg = Debug|Any CPU
		{BE2ED172-0DD9-4D5A-9550-7814EAEF2DEC}.Debug|Any CPU.Build.0 = Debug|Any CPU
		{BE2ED172-0DD9-4D5A-9550-7814EAEF2DEC}.Release|Any CPU.ActiveCfg = Release|Any CPU
		{BE2ED172-0DD9-4D5A-9550-7814EAEF2DEC}.Release|Any CPU.Build.0 = Release|Any CPU
		{70E351DF-A0CC-436B-B88A-01E613C555DC}.Debug|Any CPU.ActiveCfg = Debug|Any CPU
		{70E351DF-A0CC-436B-B88A-01E613C555DC}.Debug|Any CPU.Build.0 = Debug|Any CPU
		{70E351DF-A0CC-436B-B88A-01E613C555DC}.Release|Any CPU.ActiveCfg = Release|Any CPU
		{70E351DF-A0CC-436B-B88A-01E613C555DC}.Release|Any CPU.Build.0 = Release|Any CPU
	EndGlobalSection
	GlobalSection(SolutionProperties) = preSolution
		HideSolutionNode = FALSE
	EndGlobalSection
	GlobalSection(ExtensibilityGlobals) = postSolution
		SolutionGuid = {966C6F29-F60E-488C-AF21-886FA85C64E2}
	EndGlobalSection
EndGlobal
